
Microsoft Visual Studio Solution File, Format Version 12.00
# Visual Studio Version 17
VisualStudioVersion = 17.14.36109.1
MinimumVisualStudioVersion = 10.0.40219.1
Project("{FAE04EC0-301F-11D3-BF4B-00C04F79EFBC}") = "Typing Test", "Typing Test.csproj", "{DBEB8C60-15F8-4A87-9D35-E56B605EDFEB}"
EndProject
Project("{2150E333-8FDC-42A3-9474-1A3956D46DE8}") = "Solution Items", "Solution Items", "{8EC462FD-D22E-90A8-E5CE-7E832BA40C5D}"
EndProject
Global
	GlobalSection(SolutionConfigurationPlatforms) = preSolution
		Debug|Any CPU = Debug|Any CPU
		Release|Any CPU = Release|Any CPU
	EndGlobalSection
	GlobalSection(ProjectConfigurationPlatforms) = postSolution
		{DBEB8C60-15F8-4A87-9D35-E56B605EDFEB}.Debug|Any CPU.ActiveCfg = Debug|Any CPU
		{DBEB8C60-15F8-4A87-9D35-E56B605EDFEB}.Debug|Any CPU.Build.0 = Debug|Any CPU
		{DBEB8C60-15F8-4A87-9D35-E56B605EDFEB}.Release|Any CPU.ActiveCfg = Release|Any CPU
		{DBEB8C60-15F8-4A87-9D35-E56B605EDFEB}.Release|Any CPU.Build.0 = Release|Any CPU
	EndGlobalSection
	GlobalSection(SolutionProperties) = preSolution
		HideSolutionNode = FALSE
	EndGlobalSection
	GlobalSection(ExtensibilityGlobals) = postSolution
		SolutionGuid = {F6DF1677-B654-47F6-BCC0-8225D29D60CC}
	EndGlobalSection
EndGlobal
